
Microsoft Visual Studio Solution File, Format Version 12.00
# Visual Studio 14
VisualStudioVersion = 14.0.23107.0
MinimumVisualStudioVersion = 10.0.40219.1
Project("{FAE04EC0-301F-11D3-BF4B-00C04F79EFBC}") = "CiiTech.Demo", "CiiTech.Demo\CiiTech.Demo.csproj", "{AD6FBDAC-5DBD-4478-B23C-338589BDDA58}"
EndProject
Project("{2150E333-8FDC-42A3-9474-1A3956D46DE8}") = "Demo", "Demo", "{EDD55F03-FA5D-4CCB-AE48-A0257CFCE55B}"
EndProject
Project("{FAE04EC0-301F-11D3-BF4B-00C04F79EFBC}") = "Demo.International", "Demo.International\Demo.International.csproj", "{F4282AB4-E2C0-406B-90B0-EE231768AB84}"
EndProject
Project("{FAE04EC0-301F-11D3-BF4B-00C04F79EFBC}") = "Demo.MiniDump", "Demo.MiniDump\Demo.MiniDump.csproj", "{41BDA4B3-D04A-4B9C-9C7E-DAA99128DA08}"
EndProject
Project("{FAE04EC0-301F-11D3-BF4B-00C04F79EFBC}") = "Demo.SplashScreen", "Demo.SplashScreen\Demo.SplashScreen.csproj", "{B10A45B0-809C-413C-9134-D1BD5D4DCDC4}"
EndProject
Project("{FAE04EC0-301F-11D3-BF4B-00C04F79EFBC}") = "Demo.Command", "Demo.Command\Demo.Command\Demo.Command.csproj", "{3FD07B81-2A6D-4C4F-87A5-5271F0A64276}"
EndProject
Global
	GlobalSection(SolutionConfigurationPlatforms) = preSolution
		Debug|Any CPU = Debug|Any CPU
		Release|Any CPU = Release|Any CPU
	EndGlobalSection
	GlobalSection(ProjectConfigurationPlatforms) = postSolution
		{AD6FBDAC-5DBD-4478-B23C-338589BDDA58}.Debug|Any CPU.ActiveCfg = Debug|Any CPU
		{AD6FBDAC-5DBD-4478-B23C-338589BDDA58}.Debug|Any CPU.Build.0 = Debug|Any CPU
		{AD6FBDAC-5DBD-4478-B23C-338589BDDA58}.Release|Any CPU.ActiveCfg = Release|Any CPU
		{AD6FBDAC-5DBD-4478-B23C-338589BDDA58}.Release|Any CPU.Build.0 = Release|Any CPU
		{F4282AB4-E2C0-406B-90B0-EE231768AB84}.Debug|Any CPU.ActiveCfg = Debug|Any CPU
		{F4282AB4-E2C0-406B-90B0-EE231768AB84}.Debug|Any CPU.Build.0 = Debug|Any CPU
		{F4282AB4-E2C0-406B-90B0-EE231768AB84}.Release|Any CPU.ActiveCfg = Release|Any CPU
		{F4282AB4-E2C0-406B-90B0-EE231768AB84}.Release|Any CPU.Build.0 = Release|Any CPU
		{41BDA4B3-D04A-4B9C-9C7E-DAA99128DA08}.Debug|Any CPU.ActiveCfg = Debug|Any CPU
		{41BDA4B3-D04A-4B9C-9C7E-DAA99128DA08}.Debug|Any CPU.Build.0 = Debug|Any CPU
		{41BDA4B3-D04A-4B9C-9C7E-DAA99128DA08}.Release|Any CPU.ActiveCfg = Release|Any CPU
		{41BDA4B3-D04A-4B9C-9C7E-DAA99128DA08}.Release|Any CPU.Build.0 = Release|Any CPU
		{B10A45B0-809C-413C-9134-D1BD5D4DCDC4}.Debug|Any CPU.ActiveCfg = Debug|Any CPU
		{B10A45B0-809C-413C-9134-D1BD5D4DCDC4}.Debug|Any CPU.Build.0 = Debug|Any CPU
		{B10A45B0-809C-413C-9134-D1BD5D4DCDC4}.Release|Any CPU.ActiveCfg = Release|Any CPU
		{B10A45B0-809C-413C-9134-D1BD5D4DCDC4}.Release|Any CPU.Build.0 = Release|Any CPU
		{3FD07B81-2A6D-4C4F-87A5-5271F0A64276}.Debug|Any CPU.ActiveCfg = Debug|Any CPU
		{3FD07B81-2A6D-4C4F-87A5-5271F0A64276}.Debug|Any CPU.Build.0 = Debug|Any CPU
		{3FD07B81-2A6D-4C4F-87A5-5271F0A64276}.Release|Any CPU.ActiveCfg = Release|Any CPU
		{3FD07B81-2A6D-4C4F-87A5-5271F0A64276}.Release|Any CPU.Build.0 = Release|Any CPU
	EndGlobalSection
	GlobalSection(SolutionProperties) = preSolution
		HideSolutionNode = FALSE
	EndGlobalSection
	GlobalSection(NestedProjects) = preSolution
		{F4282AB4-E2C0-406B-90B0-EE231768AB84} = {EDD55F03-FA5D-4CCB-AE48-A0257CFCE55B}
		{41BDA4B3-D04A-4B9C-9C7E-DAA99128DA08} = {EDD55F03-FA5D-4CCB-AE48-A0257CFCE55B}
		{B10A45B0-809C-413C-9134-D1BD5D4DCDC4} = {EDD55F03-FA5D-4CCB-AE48-A0257CFCE55B}
		{3FD07B81-2A6D-4C4F-87A5-5271F0A64276} = {EDD55F03-FA5D-4CCB-AE48-A0257CFCE55B}
	EndGlobalSection
EndGlobal
